// !$*UTF8*$!
{
	archiveVersion = 1;
	classes = {
	};
	objectVersion = 48;
	objects = {

/* Begin PBXBuildFile section */
		3E8951D91FD50D4D00C744E2 /* Player.swift in Sources */ = {isa = PBXBuildFile; fileRef = 3E8951D81FD50D4D00C744E2 /* Player.swift */; };
		3EC2F3691FD3D204006FA64B /* AppDelegate.swift in Sources */ = {isa = PBXBuildFile; fileRef = 3EC2F3681FD3D204006FA64B /* AppDelegate.swift */; };
		3EC2F36B1FD3D204006FA64B /* ViewController.swift in Sources */ = {isa = PBXBuildFile; fileRef = 3EC2F36A1FD3D204006FA64B /* ViewController.swift */; };
		3EC2F36E1FD3D204006FA64B /* Main.storyboard in Resources */ = {isa = PBXBuildFile; fileRef = 3EC2F36C1FD3D204006FA64B /* Main.storyboard */; };
		3EC2F3701FD3D204006FA64B /* Assets.xcassets in Resources */ = {isa = PBXBuildFile; fileRef = 3EC2F36F1FD3D204006FA64B /* Assets.xcassets */; };
		3EC2F3731FD3D204006FA64B /* LaunchScreen.storyboard in Resources */ = {isa = PBXBuildFile; fileRef = 3EC2F3711FD3D204006FA64B /* LaunchScreen.storyboard */; };
		3EC2F37C1FD3D6C3006FA64B /* BorderButton.swift in Sources */ = {isa = PBXBuildFile; fileRef = 3EC2F37B1FD3D6C3006FA64B /* BorderButton.swift */; };
		3EC2F3801FD505BB006FA64B /* LeagueVC.swift in Sources */ = {isa = PBXBuildFile; fileRef = 3EC2F37F1FD505BB006FA64B /* LeagueVC.swift */; };
		3EC2F3821FD505CF006FA64B /* SkillVC.swift in Sources */ = {isa = PBXBuildFile; fileRef = 3EC2F3811FD505CF006FA64B /* SkillVC.swift */; };
/* End PBXBuildFile section */

/* Begin PBXFileReference section */
		3E8951D81FD50D4D00C744E2 /* Player.swift */ = {isa = PBXFileReference; lastKnownFileType = sourcecode.swift; path = Player.swift; sourceTree = "<group>"; };
		3EC2F3651FD3D204006FA64B /* Swoosh.app */ = {isa = PBXFileReference; explicitFileType = wrapper.application; includeInIndex = 0; path = Swoosh.app; sourceTree = BUILT_PRODUCTS_DIR; };
		3EC2F3681FD3D204006FA64B /* AppDelegate.swift */ = {isa = PBXFileReference; lastKnownFileType = sourcecode.swift; path = AppDelegate.swift; sourceTree = "<group>"; };
		3EC2F36A1FD3D204006FA64B /* ViewController.swift */ = {isa = PBXFileReference; lastKnownFileType = sourcecode.swift; path = ViewController.swift; sourceTree = "<group>"; };
		3EC2F36D1FD3D204006FA64B /* Base */ = {isa = PBXFileReference; lastKnownFileType = file.storyboard; name = Base; path = Base.lproj/Main.storyboard; sourceTree = "<group>"; };
		3EC2F36F1FD3D204006FA64B /* Assets.xcassets */ = {isa = PBXFileReference; lastKnownFileType = folder.assetcatalog; path = Assets.xcassets; sourceTree = "<group>"; };
		3EC2F3721FD3D204006FA64B /* Base */ = {isa = PBXFileReference; lastKnownFileType = file.storyboard; name = Base; path = Base.lproj/LaunchScreen.storyboard; sourceTree = "<group>"; };
		3EC2F3741FD3D204006FA64B /* Info.plist */ = {isa = PBXFileReference; lastKnownFileType = text.plist.xml; path = Info.plist; sourceTree = "<group>"; };
		3EC2F37B1FD3D6C3006FA64B /* BorderButton.swift */ = {isa = PBXFileReference; lastKnownFileType = sourcecode.swift; path = BorderButton.swift; sourceTree = "<group>"; };
		3EC2F37F1FD505BB006FA64B /* LeagueVC.swift */ = {isa = PBXFileReference; lastKnownFileType = sourcecode.swift; path = LeagueVC.swift; sourceTree = "<group>"; };
		3EC2F3811FD505CF006FA64B /* SkillVC.swift */ = {isa = PBXFileReference; lastKnownFileType = sourcecode.swift; path = SkillVC.swift; sourceTree = "<group>"; };
/* End PBXFileReference section */

/* Begin PBXFrameworksBuildPhase section */
		3EC2F3621FD3D204006FA64B /* Frameworks */ = {
			isa = PBXFrameworksBuildPhase;
			buildActionMask = 2147483647;
			files = (
			);
			runOnlyForDeploymentPostprocessing = 0;
		};
/* End PBXFrameworksBuildPhase section */

/* Begin PBXGroup section */
		3EC2F35C1FD3D204006FA64B = {
			isa = PBXGroup;
			children = (
				3EC2F3671FD3D204006FA64B /* Swoosh */,
				3EC2F3661FD3D204006FA64B /* Products */,
			);
			sourceTree = "<group>";
		};
		3EC2F3661FD3D204006FA64B /* Products */ = {
			isa = PBXGroup;
			children = (
				3EC2F3651FD3D204006FA64B /* Swoosh.app */,
			);
			name = Products;
			sourceTree = "<group>";
		};
		3EC2F3671FD3D204006FA64B /* Swoosh */ = {
			isa = PBXGroup;
			children = (
				3EC2F37E1FD4FDC3006FA64B /* Model */,
				3EC2F37D1FD4FDBC006FA64B /* Controller */,
				3EC2F37A1FD3D68C006FA64B /* Views */,
				3EC2F3681FD3D204006FA64B /* AppDelegate.swift */,
				3EC2F36C1FD3D204006FA64B /* Main.storyboard */,
				3EC2F36F1FD3D204006FA64B /* Assets.xcassets */,
				3EC2F3711FD3D204006FA64B /* LaunchScreen.storyboard */,
				3EC2F3741FD3D204006FA64B /* Info.plist */,
			);
			path = Swoosh;
			sourceTree = "<group>";
		};
		3EC2F37A1FD3D68C006FA64B /* Views */ = {
			isa = PBXGroup;
			children = (
				3EC2F37B1FD3D6C3006FA64B /* BorderButton.swift */,
			);
			path = Views;
			sourceTree = "<group>";
		};
		3EC2F37D1FD4FDBC006FA64B /* Controller */ = {
			isa = PBXGroup;
			children = (
				3EC2F36A1FD3D204006FA64B /* ViewController.swift */,
				3EC2F37F1FD505BB006FA64B /* LeagueVC.swift */,
				3EC2F3811FD505CF006FA64B /* SkillVC.swift */,
			);
			path = Controller;
			sourceTree = "<group>";
		};
		3EC2F37E1FD4FDC3006FA64B /* Model */ = {
			isa = PBXGroup;
			children = (
				3E8951D81FD50D4D00C744E2 /* Player.swift */,
			);
			path = Model;
			sourceTree = "<group>";
		};
/* End PBXGroup section */

/* Begin PBXNativeTarget section */
		3EC2F3641FD3D204006FA64B /* Swoosh */ = {
			isa = PBXNativeTarget;
			buildConfigurationList = 3EC2F3771FD3D204006FA64B /* Build configuration list for PBXNativeTarget "Swoosh" */;
			buildPhases = (
				3EC2F3611FD3D204006FA64B /* Sources */,
				3EC2F3621FD3D204006FA64B /* Frameworks */,
				3EC2F3631FD3D204006FA64B /* Resources */,
			);
			buildRules = (
			);
			dependencies = (
			);
			name = Swoosh;
			productName = Swoosh;
			productReference = 3EC2F3651FD3D204006FA64B /* Swoosh.app */;
			productType = "com.apple.product-type.application";
		};
/* End PBXNativeTarget section */

/* Begin PBXProject section */
		3EC2F35D1FD3D204006FA64B /* Project object */ = {
			isa = PBXProject;
			attributes = {
				LastSwiftUpdateCheck = 0910;
				LastUpgradeCheck = 0910;
				ORGANIZATIONNAME = "Fabio Quintanilha";
				TargetAttributes = {
					3EC2F3641FD3D204006FA64B = {
						CreatedOnToolsVersion = 9.1;
						ProvisioningStyle = Automatic;
					};
				};
			};
			buildConfigurationList = 3EC2F3601FD3D204006FA64B /* Build configuration list for PBXProject "Swoosh" */;
			compatibilityVersion = "Xcode 8.0";
			developmentRegion = en;
			hasScannedForEncodings = 0;
			knownRegions = (
				en,
				Base,
			);
			mainGroup = 3EC2F35C1FD3D204006FA64B;
			productRefGroup = 3EC2F3661FD3D204006FA64B /* Products */;
			projectDirPath = "";
			projectRoot = "";
			targets = (
				3EC2F3641FD3D204006FA64B /* Swoosh */,
			);
		};
/* End PBXProject section */

/* Begin PBXResourcesBuildPhase section */
		3EC2F3631FD3D204006FA64B /* Resources */ = {
			isa = PBXResourcesBuildPhase;
			buildActionMask = 2147483647;
			files = (
				3EC2F3731FD3D204006FA64B /* LaunchScreen.storyboard in Resources */,
				3EC2F3701FD3D204006FA64B /* Assets.xcassets in Resources */,
				3EC2F36E1FD3D204006FA64B /* Main.storyboard in Resources */,
			);
			runOnlyForDeploymentPostprocessing = 0;
		};
/* End PBXResourcesBuildPhase section */

/* Begin PBXSourcesBuildPhase section */
		3EC2F3611FD3D204006FA64B /* Sources */ = {
			isa = PBXSourcesBuildPhase;
			buildActionMask = 2147483647;
			files = (
				3EC2F36B1FD3D204006FA64B /* ViewController.swift in Sources */,
				3EC2F3801FD505BB006FA64B /* LeagueVC.swift in Sources */,
				3EC2F3691FD3D204006FA64B /* AppDelegate.swift in Sources */,
				3EC2F3821FD505CF006FA64B /* SkillVC.swift in Sources */,
				3E8951D91FD50D4D00C744E2 /* Player.swift in Sources */,
				3EC2F37C1FD3D6C3006FA64B /* BorderButton.swift in Sources */,
			);
			runOnlyForDeploymentPostprocessing = 0;
		};
/* End PBXSourcesBuildPhase section */

/* Begin PBXVariantGroup section */
		3EC2F36C1FD3D204006FA64B /* Main.storyboard */ = {
			isa = PBXVariantGroup;
			children = (
				3EC2F36D1FD3D204006FA64B /* Base */,
			);
			name = Main.storyboard;
			sourceTree = "<group>";
		};
		3EC2F3711FD3D204006FA64B /* LaunchScreen.storyboard */ = {
			isa = PBXVariantGroup;
			children = (
				3EC2F3721FD3D204006FA64B /* Base */,
			);
			name = LaunchScreen.storyboard;
			sourceTree = "<group>";
		};
/* End PBXVariantGroup section */

/* Begin XCBuildConfiguration section */
		3EC2F3751FD3D204006FA64B /* Debug */ = {
			isa = XCBuildConfiguration;
			buildSettings = {
				ALWAYS_SEARCH_USER_PATHS = NO;
				CLANG_ANALYZER_NONNULL = YES;
				CLANG_ANALYZER_NUMBER_OBJECT_CONVERSION = YES_AGGRESSIVE;
				CLANG_CXX_LANGUAGE_STANDARD = "gnu++14";
				CLANG_CXX_LIBRARY = "libc++";
				CLANG_ENABLE_MODULES = YES;
				CLANG_ENABLE_OBJC_ARC = YES;
				CLANG_WARN_BLOCK_CAPTURE_AUTORELEASING = YES;
				CLANG_WARN_BOOL_CONVERSION = YES;
				CLANG_WARN_COMMA = YES;
				CLANG_WARN_CONSTANT_CONVERSION = YES;
				CLANG_WARN_DIRECT_OBJC_ISA_USAGE = YES_ERROR;
				CLANG_WARN_DOCUMENTATION_COMMENTS = YES;
				CLANG_WARN_EMPTY_BODY = YES;
				CLANG_WARN_ENUM_CONVERSION = YES;
				CLANG_WARN_INFINITE_RECURSION = YES;
				CLANG_WARN_INT_CONVERSION = YES;
				CLANG_WARN_NON_LITERAL_NULL_CONVERSION = YES;
				CLANG_WARN_OBJC_LITERAL_CONVERSION = YES;
				CLANG_WARN_OBJC_ROOT_CLASS = YES_ERROR;
				CLANG_WARN_RANGE_LOOP_ANALYSIS = YES;
				CLANG_WARN_STRICT_PROTOTYPES = YES;
				CLANG_WARN_SUSPICIOUS_MOVE = YES;
				CLANG_WARN_UNGUARDED_AVAILABILITY = YES_AGGRESSIVE;
				CLANG_WARN_UNREACHABLE_CODE = YES;
				CLANG_WARN__DUPLICATE_METHOD_MATCH = YES;
				CODE_SIGN_IDENTITY = "iPhone Developer";
				COPY_PHASE_STRIP = NO;
				DEBUG_INFORMATION_FORMAT = dwarf;
				ENABLE_STRICT_OBJC_MSGSEND = YES;
				ENABLE_TESTABILITY = YES;
				GCC_C_LANGUAGE_STANDARD = gnu11;
				GCC_DYNAMIC_NO_PIC = NO;
				GCC_NO_COMMON_BLOCKS = YES;
				GCC_OPTIMIZATION_LEVEL = 0;
				GCC_PREPROCESSOR_DEFINITIONS = (
					"DEBUG=1",
					"$(inherited)",
				);
				GCC_WARN_64_TO_32_BIT_CONVERSION = YES;
				GCC_WARN_ABOUT_RETURN_TYPE = YES_ERROR;
				GCC_WARN_UNDECLARED_SELECTOR = YES;
				GCC_WARN_UNINITIALIZED_AUTOS = YES_AGGRESSIVE;
				GCC_WARN_UNUSED_FUNCTION = YES;
				GCC_WARN_UNUSED_VARIABLE = YES;
				IPHONEOS_DEPLOYMENT_TARGET = 11.1;
				MTL_ENABLE_DEBUG_INFO = YES;
				ONLY_ACTIVE_ARCH = YES;
				SDKROOT = iphoneos;
				SWIFT_ACTIVE_COMPILATION_CONDITIONS = DEBUG;
				SWIFT_OPTIMIZATION_LEVEL = "-Onone";
			};
			name = Debug;
		};
		3EC2F3761FD3D204006FA64B /* Release */ = {
			isa = XCBuildConfiguration;
			buildSettings = {
				ALWAYS_SEARCH_USER_PATHS = NO;
				CLANG_ANALYZER_NONNULL = YES;
				CLANG_ANALYZER_NUMBER_OBJECT_CONVERSION = YES_AGGRESSIVE;
				CLANG_CXX_LANGUAGE_STANDARD = "gnu++14";
				CLANG_CXX_LIBRARY = "libc++";
				CLANG_ENABLE_MODULES = YES;
				CLANG_ENABLE_OBJC_ARC = YES;
				CLANG_WARN_BLOCK_CAPTURE_AUTORELEASING = YES;
				CLANG_WARN_BOOL_CONVERSION = YES;
				CLANG_WARN_COMMA = YES;
				CLANG_WARN_CONSTANT_CONVERSION = YES;
				CLANG_WARN_DIRECT_OBJC_ISA_USAGE = YES_ERROR;
				CLANG_WARN_DOCUMENTATION_COMMENTS = YES;
				CLANG_WARN_EMPTY_BODY = YES;
				CLANG_WARN_ENUM_CONVERSION = YES;
				CLANG_WARN_INFINITE_RECURSION = YES;
				CLANG_WARN_INT_CONVERSION = YES;
				CLANG_WARN_NON_LITERAL_NULL_CONVERSION = YES;
				CLANG_WARN_OBJC_LITERAL_CONVERSION = YES;
				CLANG_WARN_OBJC_ROOT_CLASS = YES_ERROR;
				CLANG_WARN_RANGE_LOOP_ANALYSIS = YES;
				CLANG_WARN_STRICT_PROTOTYPES = YES;
				CLANG_WARN_SUSPICIOUS_MOVE = YES;
				CLANG_WARN_UNGUARDED_AVAILABILITY = YES_AGGRESSIVE;
				CLANG_WARN_UNREACHABLE_CODE = YES;
				CLANG_WARN__DUPLICATE_METHOD_MATCH = YES;
				CODE_SIGN_IDENTITY = "iPhone Developer";
				COPY_PHASE_STRIP = NO;
				DEBUG_INFORMATION_FORMAT = "dwarf-with-dsym";
				ENABLE_NS_ASSERTIONS = NO;
				ENABLE_STRICT_OBJC_MSGSEND = YES;
				GCC_C_LANGUAGE_STANDARD = gnu11;
				GCC_NO_COMMON_BLOCKS = YES;
				GCC_WARN_64_TO_32_BIT_CONVERSION = YES;
				GCC_WARN_ABOUT_RETURN_TYPE = YES_ERROR;
				GCC_WARN_UNDECLARED_SELECTOR = YES;
				GCC_WARN_UNINITIALIZED_AUTOS = YES_AGGRESSIVE;
				GCC_WARN_UNUSED_FUNCTION = YES;
				GCC_WARN_UNUSED_VARIABLE = YES;
				IPHONEOS_DEPLOYMENT_TARGET = 11.1;
				MTL_ENABLE_DEBUG_INFO = NO;
				SDKROOT = iphoneos;
				SWIFT_OPTIMIZATION_LEVEL = "-Owholemodule";
				VALIDATE_PRODUCT = YES;
			};
			name = Release;
		};
		3EC2F3781FD3D204006FA64B /* Debug */ = {
			isa = XCBuildConfiguration;
			buildSettings = {
				ASSETCATALOG_COMPILER_APPICON_NAME = AppIcon;
				CODE_SIGN_STYLE = Automatic;
				DEVELOPMENT_TEAM = U8M84SE4ND;
				INFOPLIST_FILE = Swoosh/Info.plist;
				LD_RUNPATH_SEARCH_PATHS = "$(inherited) @executable_path/Frameworks";
				PRODUCT_BUNDLE_IDENTIFIER = com.bwtdirectgroup.Swoosh;
				PRODUCT_NAME = "$(TARGET_NAME)";
				SWIFT_VERSION = 4.0;
				TARGETED_DEVICE_FAMILY = "1,2";
			};
			name = Debug;
		};
		3EC2F3791FD3D204006FA64B /* Release */ = {
			isa = XCBuildConfiguration;
			buildSettings = {
				ASSETCATALOG_COMPILER_APPICON_NAME = AppIcon;
				CODE_SIGN_STYLE = Automatic;
				DEVELOPMENT_TEAM = U8M84SE4ND;
				INFOPLIST_FILE = Swoosh/Info.plist;
				LD_RUNPATH_SEARCH_PATHS = "$(inherited) @executable_path/Frameworks";
				PRODUCT_BUNDLE_IDENTIFIER = com.bwtdirectgroup.Swoosh;
				PRODUCT_NAME = "$(TARGET_NAME)";
				SWIFT_VERSION = 4.0;
				TARGETED_DEVICE_FAMILY = "1,2";
			};
			name = Release;
		};
/* End XCBuildConfiguration section */

/* Begin XCConfigurationList section */
		3EC2F3601FD3D204006FA64B /* Build configuration list for PBXProject "Swoosh" */ = {
			isa = XCConfigurationList;
			buildConfigurations = (
				3EC2F3751FD3D204006FA64B /* Debug */,
				3EC2F3761FD3D204006FA64B /* Release */,
			);
			defaultConfigurationIsVisible = 0;
			defaultConfigurationName = Release;
		};
		3EC2F3771FD3D204006FA64B /* Build configuration list for PBXNativeTarget "Swoosh" */ = {
			isa = XCConfigurationList;
			buildConfigurations = (
				3EC2F3781FD3D204006FA64B /* Debug */,
				3EC2F3791FD3D204006FA64B /* Release */,
			);
			defaultConfigurationIsVisible = 0;
			defaultConfigurationName = Release;
		};
/* End XCConfigurationList section */
	};
	rootObject = 3EC2F35D1FD3D204006FA64B /* Project object */;
}
